
Microsoft Visual Studio Solution File, Format Version 12.00
# Visual Studio Version 17
VisualStudioVersion = 17.8.34511.84
MinimumVisualStudioVersion = 10.0.40219.1
Project("{FAE04EC0-301F-11D3-BF4B-00C04F79EFBC}") = "App", "App\App.csproj", "{5FFBD364-A18E-44E3-AD8C-2C36F8B34EF2}"
EndProject
Global
	GlobalSection(SolutionConfigurationPlatforms) = preSolution
		Debug|Any CPU = Debug|Any CPU
		Release|Any CPU = Release|Any CPU
	EndGlobalSection
	GlobalSection(ProjectConfigurationPlatforms) = postSolution
		{5FFBD364-A18E-44E3-AD8C-2C36F8B34EF2}.Debug|Any CPU.ActiveCfg = Debug|Any CPU
		{5FFBD364-A18E-44E3-AD8C-2C36F8B34EF2}.Debug|Any CPU.Build.0 = Debug|Any CPU
		{5FFBD364-A18E-44E3-AD8C-2C36F8B34EF2}.Release|Any CPU.ActiveCfg = Release|Any CPU
		{5FFBD364-A18E-44E3-AD8C-2C36F8B34EF2}.Release|Any CPU.Build.0 = Release|Any CPU
	EndGlobalSection
	GlobalSection(SolutionProperties) = preSolution
		HideSolutionNode = FALSE
	EndGlobalSection
	GlobalSection(ExtensibilityGlobals) = postSolution
		SolutionGuid = {ABAFF11E-7FF3-4FED-93DC-D654D8CFAA8E}
	EndGlobalSection
EndGlobal
